
Microsoft Visual Studio Solution File, Format Version 12.00
# Visual Studio Version 17
VisualStudioVersion = 17.2.32526.322
MinimumVisualStudioVersion = 10.0.40219.1
Project("{FAE04EC0-301F-11D3-BF4B-00C04F79EFBC}") = "SchoolGPACalculator", "SchoolGPACalculator.csproj", "{93D0E1DC-D649-4E77-9882-CE7CC0F19D5A}"
EndProject
Global
	GlobalSection(SolutionConfigurationPlatforms) = preSolution
		Debug|Any CPU = Debug|Any CPU
		Release|Any CPU = Release|Any CPU
	EndGlobalSection
	GlobalSection(ProjectConfigurationPlatforms) = postSolution
		{93D0E1DC-D649-4E77-9882-CE7CC0F19D5A}.Debug|Any CPU.ActiveCfg = Debug|Any CPU
		{93D0E1DC-D649-4E77-9882-CE7CC0F19D5A}.Debug|Any CPU.Build.0 = Debug|Any CPU
		{93D0E1DC-D649-4E77-9882-CE7CC0F19D5A}.Release|Any CPU.ActiveCfg = Release|Any CPU
		{93D0E1DC-D649-4E77-9882-CE7CC0F19D5A}.Release|Any CPU.Build.0 = Release|Any CPU
	EndGlobalSection
	GlobalSection(SolutionProperties) = preSolution
		HideSolutionNode = FALSE
	EndGlobalSection
	GlobalSection(ExtensibilityGlobals) = postSolution
		SolutionGuid = {7D406C65-0C78-4C27-819F-7C187939E04C}
	EndGlobalSection
EndGlobal
